Microsoft Visual Studio Solution File, Format Version 7.00
Project("{8BC9CEB8-8B4A-11D0-8D11-00A0C91BC942}") = "AnimCollDSGMaker", "..\game\libs\pure3d\tools\commandline\AnimCollDSGMaker\AnimCollDSGMaker.vcproj", "{2DBC8F99-0223-499F-9AC1-4702EA5DD47B}"
EndProject
Project("{8BC9CEB8-8B4A-11D0-8D11-00A0C91BC942}") = "AnimDSGMaker", "..\game\libs\pure3d\tools\commandline\AnimDSGMaker\AnimDSGMaker.vcproj", "{FEB4DF89-8F7E-4AE9-A508-AFE1BFC4F6D5}"
EndProject
Project("{8BC9CEB8-8B4A-11D0-8D11-00A0C91BC942}") = "InstAnimDynaPhysMaker", "..\game\libs\pure3d\tools\commandline\InstAnimDynaPhysMaker\InstAnimDynaPhysMaker.vcproj", "{C8C67032-1BBC-4050-AEAE-2D43AE950C76}"
EndProject
Project("{8BC9CEB8-8B4A-11D0-8D11-00A0C91BC942}") = "Instancer", "..\game\libs\pure3d\tools\commandline\Instancer\Instancer.vcproj", "{3C294239-15AF-49E2-A5E8-E5CD2785FC3D}"
EndProject
Project("{8BC9CEB8-8B4A-11D0-8D11-00A0C91BC942}") = "LensFlareDSGMaker", "..\game\libs\pure3d\tools\commandline\LensFlareDSGMaker\LensFlareDSGMaker.vcproj", "{B93AEF58-B533-4820-A0D0-1F8E91301129}"
EndProject
Project("{8BC9CEB8-8B4A-11D0-8D11-00A0C91BC942}") = "MayaRules", "MayaRules\MayaRules.vcproj", "{F456A1E8-974F-4D56-BB57-3D944DF8DCB1}"
EndProject
Project("{8BC9CEB8-8B4A-11D0-8D11-00A0C91BC942}") = "Pure3D", "..\game\libs\pure3d\build\win32\Pure3D.vcproj", "{86DA78E6-9FC4-40B7-9E55-390903F2A144}"
EndProject
Project("{8BC9CEB8-8B4A-11D0-8D11-00A0C91BC942}") = "breakablesmaker", "..\game\libs\pure3d\tools\commandline\breakablesmaker\breakablesmaker.vcproj", "{345A8D57-E8D9-41DF-96DE-AAFDF810BAB8}"
EndProject
Project("{8BC9CEB8-8B4A-11D0-8D11-00A0C91BC942}") = "chunkGroup", "..\game\libs\pure3d\tools\commandline\chunkGroup\chunkGroup.vcproj", "{E47D996B-68D6-47DE-B640-44B3C0363E6E}"
EndProject
Project("{8BC9CEB8-8B4A-11D0-8D11-00A0C91BC942}") = "convert2dxtn", "..\game\libs\pure3d\tools\commandline\convert2dxtn\convert2dxtn.vcproj", "{F7404001-6D28-4698-9BF8-5B26426765EA}"
EndProject
Project("{8BC9CEB8-8B4A-11D0-8D11-00A0C91BC942}") = "freetype", "..\game\libs\pure3d\lib\freetype\builds\win32\visualc\freetype.vcproj", "{6D333C70-A27D-4E25-AD26-BB9E20558B8F}"
EndProject
Project("{8BC9CEB8-8B4A-11D0-8D11-00A0C91BC942}") = "libpng", "..\game\libs\pure3d\build\win32\libpng.vcproj", "{D490A7A5-ABD2-4BB7-940F-0DDC65F969C3}"
EndProject
Project("{8BC9CEB8-8B4A-11D0-8D11-00A0C91BC942}") = "makechunktool", "..\game\libs\pure3d\tools\commandline\makechunktool\makechunktool.vcproj", "{01A371FA-BA4E-4DC9-B339-4E9552545991}"
EndProject
Project("{8BC9CEB8-8B4A-11D0-8D11-00A0C91BC942}") = "objectsnapper", "objectsnapper\build\objectsnapper.vcproj", "{278283D0-FEC2-4B06-8AED-8DDB745215B4}"
EndProject
Project("{8BC9CEB8-8B4A-11D0-8D11-00A0C91BC942}") = "p3d2dsg", "..\game\libs\pure3d\tools\commandline\p3d2dsg\p3d2dsg.vcproj", "{B1DD8C69-F562-4275-BE4E-7A6EF727ED30}"
EndProject
Project("{8BC9CEB8-8B4A-11D0-8D11-00A0C91BC942}") = "p3ddel", "..\game\libs\pure3d\tools\commandline\p3ddel\p3ddel.vcproj", "{A7DFC4D3-FD76-4375-AD16-009BC39A697D}"
EndProject
Project("{8BC9CEB8-8B4A-11D0-8D11-00A0C91BC942}") = "p3ddiff", "..\game\libs\pure3d\tools\gui-win32\p3ddiff\p3ddiff.vcproj", "{84451C74-4E26-4557-9FB8-8C26243DAC55}"
EndProject
Project("{8BC9CEB8-8B4A-11D0-8D11-00A0C91BC942}") = "p3dexplorer", "..\game\libs\pure3d\tools\gui-win32\p3dexplorer\p3dexplorer.vcproj", "{72FA5E78-A53E-42DF-9EB2-1A3D6DF475A2}"
EndProject
Project("{8BC9CEB8-8B4A-11D0-8D11-00A0C91BC942}") = "p3dgc", "..\game\libs\pure3d\tools\commandline\p3dgc\p3dgc.vcproj", "{44AB737E-AA4F-47AA-943B-D2ABA9CB424B}"
EndProject
Project("{8BC9CEB8-8B4A-11D0-8D11-00A0C91BC942}") = "p3dgendsg", "..\game\libs\pure3d\tools\commandline\p3dgendsg\p3dgendsg.vcproj", "{ACF60C5C-93C6-447B-92A2-477AECB0E19C}"
EndProject
Project("{8BC9CEB8-8B4A-11D0-8D11-00A0C91BC942}") = "p3dgeo2prims", "..\game\libs\pure3d\tools\commandline\p3dgeo2prims\p3dgeo2prims.vcproj", "{635AA5F3-F45F-49E9-A94D-1519CAAE1AC9}"
EndProject
Project("{8BC9CEB8-8B4A-11D0-8D11-00A0C91BC942}") = "p3dimage", "..\game\libs\pure3d\tools\commandline\p3dimage\p3dimage.vcproj", "{AFE81408-CC31-4EAF-9597-4931F6C08CED}"
EndProject
Project("{8BC9CEB8-8B4A-11D0-8D11-00A0C91BC942}") = "p3dmutate", "..\game\libs\pure3d\tools\commandline\p3dmutate\p3dmutate.vcproj", "{A3C2F702-CE80-48D6-9217-E73E93F19F88}"
EndProject
Project("{8BC9CEB8-8B4A-11D0-8D11-00A0C91BC942}") = "p3dsort", "..\game\libs\pure3d\tools\commandline\p3dsort\p3dsort.vcproj", "{DA5FDB78-78F0-4404-B7F2-BB28206B8BDC}"
EndProject
Project("{8BC9CEB8-8B4A-11D0-8D11-00A0C91BC942}") = "p3dsplit", "..\game\libs\pure3d\tools\commandline\p3dsplit\p3dsplit.vcproj", "{4C924B45-1710-4A4D-9D40-CC232B14CD44}"
EndProject
Project("{8BC9CEB8-8B4A-11D0-8D11-00A0C91BC942}") = "radcontent", "..\game\libs\radcontent\build\win32\radcontent.vcproj", "{0C2A1DB4-652B-4F59-BBDC-376E94561647}"
EndProject
Project("{8BC9CEB8-8B4A-11D0-8D11-00A0C91BC942}") = "radcore", "..\game\libs\radcore\build\win32\radcore.vcproj", "{A45F932B-0CF8-41B0-A8FF-1386283E2BE7}"
EndProject
Project("{8BC9CEB8-8B4A-11D0-8D11-00A0C91BC942}") = "radmath", "..\game\libs\radmath\build\win32\radmath.vcproj", "{01B694CE-5AFC-4832-B18E-73AE3E811C74}"
EndProject
Project("{8BC9CEB8-8B4A-11D0-8D11-00A0C91BC942}") = "relatedfiles", "relatedfiles\relatedfiles.vcproj", "{EF05D776-F91E-422F-BD64-16B3F5557888}"
EndProject
Project("{8BC9CEB8-8B4A-11D0-8D11-00A0C91BC942}") = "roadOptimizer", "..\game\libs\pure3d\tools\commandline\roadOptimizer\roadOptimizer.vcproj", "{37223926-26AB-4BCE-BBEB-191699C3BEF1}"
EndProject
Project("{8BC9CEB8-8B4A-11D0-8D11-00A0C91BC942}") = "toollib", "..\game\libs\pure3d\toollib\toollib.vcproj", "{8CC3C650-909A-42E8-9039-04697C27C565}"
EndProject
Project("{8BC9CEB8-8B4A-11D0-8D11-00A0C91BC942}") = "toollib_extras", "..\game\libs\pure3d\toollib\toollib_extras.vcproj", "{CDB92E4A-1E5D-49A8-8153-34264B3FEF29}"
EndProject
Project("{8BC9CEB8-8B4A-11D0-8D11-00A0C91BC942}") = "trackeditor", "trackeditor\build\trackeditor.vcproj", "{8D79E782-9747-4732-A869-CA630AC7D3C0}"
EndProject
Project("{8BC9CEB8-8B4A-11D0-8D11-00A0C91BC942}") = "worldbuilder", "worldbuilder\build\worldbuilder.vcproj", "{B5900135-3859-403D-BC2F-FD90B4C2B2E5}"
EndProject
Project("{8BC9CEB8-8B4A-11D0-8D11-00A0C91BC942}") = "zlib", "..\game\libs\pure3d\build\win32\zlib.vcproj", "{38D5EE66-A56C-4673-9A53-4C92D2CA4DD1}"
EndProject
Project("{8BC9CEB8-8B4A-11D0-8D11-00A0C91BC942}") = "p3dcompdrawopt", "..\game\libs\pure3d\tools\commandline\p3dcompdrawopt\p3dcompdrawopt.vcproj", "{967364EA-F3C7-455E-BBA4-F8B031FB780C}"
EndProject
Global
	GlobalSection(SourceCodeControl) = preSolution
		SccNumberOfProjects = 37
		SccProjectName0 = Perforce\u0020Project
		SccLocalPath0 = .
		SccProvider0 = MSSCCI:Perforce\u0020SCM
		CanCheckoutShared = true
		SolutionUniqueID = {A63DD452-9297-447E-95E4-99D497318CFE}
		SccProjectUniqueName1 = ..\\game\\libs\\pure3d\\tools\\commandline\\AnimCollDSGMaker\\AnimCollDSGMaker.vcproj
		SccLocalPath1 = ..\\game\\libs\\pure3d\\tools\\commandline\\AnimCollDSGMaker
		CanCheckoutShared = true
		SccProjectUniqueName2 = ..\\game\\libs\\pure3d\\tools\\commandline\\AnimDSGMaker\\AnimDSGMaker.vcproj
		SccLocalPath2 = ..\\game\\libs\\pure3d\\tools\\commandline\\AnimDSGMaker
		CanCheckoutShared = true
		SccProjectUniqueName3 = ..\\game\\libs\\pure3d\\tools\\commandline\\InstAnimDynaPhysMaker\\InstAnimDynaPhysMaker.vcproj
		SccLocalPath3 = ..\\game\\libs\\pure3d\\tools\\commandline\\InstAnimDynaPhysMaker
		CanCheckoutShared = true
		SccProjectUniqueName4 = ..\\game\\libs\\pure3d\\tools\\commandline\\Instancer\\Instancer.vcproj
		SccLocalPath4 = ..\\game\\libs\\pure3d\\tools\\commandline\\Instancer
		CanCheckoutShared = true
		SccProjectUniqueName5 = ..\\game\\libs\\pure3d\\tools\\commandline\\LensFlareDSGMaker\\LensFlareDSGMaker.vcproj
		SccLocalPath5 = ..\\game\\libs\\pure3d\\tools\\commandline\\LensFlareDSGMaker
		CanCheckoutShared = true
		SccProjectUniqueName6 = MayaRules\\MayaRules.vcproj
		SccLocalPath6 = .
		CanCheckoutShared = true
		SccProjectFilePathRelativizedFromConnection6 = MayaRules\\
		SccProjectUniqueName7 = ..\\game\\libs\\pure3d\\build\\win32\\Pure3D.vcproj
		SccLocalPath7 = ..\\game\\libs\\pure3d
		CanCheckoutShared = true
		SccProjectFilePathRelativizedFromConnection7 = build\\win32\\
		SccProjectUniqueName8 = ..\\game\\libs\\pure3d\\tools\\commandline\\breakablesmaker\\breakablesmaker.vcproj
		SccLocalPath8 = ..\\game\\libs\\pure3d\\tools\\commandline\\breakablesmaker
		CanCheckoutShared = true
		SccProjectUniqueName9 = ..\\game\\libs\\pure3d\\tools\\commandline\\chunkGroup\\chunkGroup.vcproj
		SccLocalPath9 = ..\\game\\libs\\pure3d\\tools\\commandline\\chunkGroup
		CanCheckoutShared = true
		SccProjectUniqueName10 = ..\\game\\libs\\pure3d\\tools\\commandline\\convert2dxtn\\convert2dxtn.vcproj
		SccLocalPath10 = ..\\game\\libs\\pure3d\\tools\\commandline\\convert2dxtn
		CanCheckoutShared = true
		SccProjectUniqueName11 = ..\\game\\libs\\pure3d\\lib\\freetype\\builds\\win32\\visualc\\freetype.vcproj
		SccLocalPath11 = ..\\game\\libs\\pure3d\\lib\\freetype\\builds\\win32\\visualc
		CanCheckoutShared = true
		SccProjectUniqueName12 = ..\\game\\libs\\pure3d\\build\\win32\\libpng.vcproj
		SccLocalPath12 = ..\\game\\libs\\pure3d\\build\\win32
		CanCheckoutShared = true
		SccProjectUniqueName13 = ..\\game\\libs\\pure3d\\tools\\commandline\\makechunktool\\makechunktool.vcproj
		SccLocalPath13 = ..\\game\\libs\\pure3d\\tools\\commandline\\makechunktool
		CanCheckoutShared = true
		SccProjectUniqueName14 = objectsnapper\\build\\objectsnapper.vcproj
		SccLocalPath14 = objectsnapper\\build
		CanCheckoutShared = true
		SccProjectUniqueName15 = ..\\game\\libs\\pure3d\\tools\\commandline\\p3d2dsg\\p3d2dsg.vcproj
		SccLocalPath15 = ..\\game\\libs\\pure3d\\tools\\commandline\\p3d2dsg
		CanCheckoutShared = true
		SccProjectUniqueName16 = ..\\game\\libs\\pure3d\\tools\\commandline\\p3ddel\\p3ddel.vcproj
		SccLocalPath16 = ..\\game\\libs\\pure3d\\tools\\commandline\\p3ddel
		CanCheckoutShared = true
		SccProjectUniqueName17 = ..\\game\\libs\\pure3d\\tools\\gui-win32\\p3ddiff\\p3ddiff.vcproj
		SccLocalPath17 = ..\\game\\libs\\pure3d\\tools\\gui-win32\\p3ddiff
		CanCheckoutShared = true
		SccProjectUniqueName18 = ..\\game\\libs\\pure3d\\tools\\gui-win32\\p3dexplorer\\p3dexplorer.vcproj
		SccLocalPath18 = ..\\game\\libs\\pure3d\\tools\\gui-win32\\p3dexplorer
		CanCheckoutShared = true
		SccProjectUniqueName19 = ..\\game\\libs\\pure3d\\tools\\commandline\\p3dgc\\p3dgc.vcproj
		SccLocalPath19 = ..\\game\\libs\\pure3d\\tools\\commandline\\p3dgc
		CanCheckoutShared = true
		SccProjectUniqueName20 = ..\\game\\libs\\pure3d\\tools\\commandline\\p3dgendsg\\p3dgendsg.vcproj
		SccLocalPath20 = ..\\game\\libs\\pure3d\\tools\\commandline\\p3dgendsg
		CanCheckoutShared = true
		SccProjectUniqueName21 = ..\\game\\libs\\pure3d\\tools\\commandline\\p3dgeo2prims\\p3dgeo2prims.vcproj
		SccLocalPath21 = ..\\game\\libs\\pure3d\\tools\\commandline\\p3dgeo2prims
		CanCheckoutShared = true
		SccProjectUniqueName22 = ..\\game\\libs\\pure3d\\tools\\commandline\\p3dimage\\p3dimage.vcproj
		SccLocalPath22 = ..\\game\\libs\\pure3d\\tools\\commandline\\p3dimage
		CanCheckoutShared = true
		SccProjectUniqueName23 = ..\\game\\libs\\pure3d\\tools\\commandline\\p3dmutate\\p3dmutate.vcproj
		SccLocalPath23 = ..\\game\\libs\\pure3d\\tools\\commandline\\p3dmutate
		CanCheckoutShared = true
		SccProjectUniqueName24 = ..\\game\\libs\\pure3d\\tools\\commandline\\p3dsort\\p3dsort.vcproj
		SccLocalPath24 = ..\\game\\libs\\pure3d\\tools\\commandline\\p3dsort
		CanCheckoutShared = true
		SccProjectUniqueName25 = ..\\game\\libs\\pure3d\\tools\\commandline\\p3dsplit\\p3dsplit.vcproj
		SccLocalPath25 = ..\\game\\libs\\pure3d\\tools\\commandline\\p3dsplit
		CanCheckoutShared = true
		SccProjectUniqueName26 = ..\\game\\libs\\radcontent\\build\\win32\\radcontent.vcproj
		SccLocalPath26 = ..\\game\\libs\\radcontent
		CanCheckoutShared = true
		SccProjectFilePathRelativizedFromConnection26 = build\\win32\\
		SccProjectUniqueName27 = ..\\game\\libs\\radcore\\build\\win32\\radcore.vcproj
		SccLocalPath27 = ..\\game\\libs\\radcore
		CanCheckoutShared = true
		SccProjectFilePathRelativizedFromConnection27 = build\\win32\\
		SccProjectUniqueName28 = ..\\game\\libs\\radmath\\build\\win32\\radmath.vcproj
		SccLocalPath28 = ..\\game\\libs\\radmath\\build\\win32
		CanCheckoutShared = true
		SccProjectUniqueName29 = relatedfiles\\relatedfiles.vcproj
		SccLocalPath29 = relatedfiles
		CanCheckoutShared = true
		SccProjectUniqueName30 = ..\\game\\libs\\pure3d\\tools\\commandline\\roadOptimizer\\roadOptimizer.vcproj
		SccLocalPath30 = ..\\game\\libs\\pure3d\\tools\\commandline\\roadOptimizer
		CanCheckoutShared = true
		SccProjectUniqueName31 = ..\\game\\libs\\pure3d\\toollib\\toollib.vcproj
		SccLocalPath31 = ..\\game\\libs\\pure3d\\toollib
		CanCheckoutShared = true
		SccProjectUniqueName32 = ..\\game\\libs\\pure3d\\toollib\\toollib_extras.vcproj
		SccLocalPath32 = ..\\game\\libs\\pure3d\\toollib
		CanCheckoutShared = true
		SccProjectUniqueName33 = trackeditor\\build\\trackeditor.vcproj
		SccLocalPath33 = trackeditor\\build
		CanCheckoutShared = true
		SccProjectUniqueName34 = worldbuilder\\build\\worldbuilder.vcproj
		SccLocalPath34 = worldbuilder\\build
		CanCheckoutShared = true
		SccProjectUniqueName35 = ..\\game\\libs\\pure3d\\build\\win32\\zlib.vcproj
		SccLocalPath35 = ..\\game\\libs\\pure3d\\build\\win32
		CanCheckoutShared = true
		SccProjectUniqueName36 = ..\\game\\libs\\pure3d\\tools\\commandline\\p3dcompdrawopt\\p3dcompdrawopt.vcproj
		SccLocalPath36 = ..\\game\\libs\\pure3d\\tools\\commandline\\p3dcompdrawopt
		CanCheckoutShared = true
	EndGlobalSection
	GlobalSection(SolutionConfiguration) = preSolution
		ConfigName.0 = Debug
		ConfigName.1 = Release
		ConfigName.2 = Tools Debug
		ConfigName.3 = Tools Release
		ConfigName.4 = Tune
	EndGlobalSection
	GlobalSection(ProjectDependencies) = postSolution
		{2DBC8F99-0223-499F-9AC1-4702EA5DD47B}.0 = {6D333C70-A27D-4E25-AD26-BB9E20558B8F}
		{2DBC8F99-0223-499F-9AC1-4702EA5DD47B}.1 = {D490A7A5-ABD2-4BB7-940F-0DDC65F969C3}
		{2DBC8F99-0223-499F-9AC1-4702EA5DD47B}.2 = {01B694CE-5AFC-4832-B18E-73AE3E811C74}
		{2DBC8F99-0223-499F-9AC1-4702EA5DD47B}.3 = {8CC3C650-909A-42E8-9039-04697C27C565}
		{2DBC8F99-0223-499F-9AC1-4702EA5DD47B}.4 = {CDB92E4A-1E5D-49A8-8153-34264B3FEF29}
		{2DBC8F99-0223-499F-9AC1-4702EA5DD47B}.5 = {38D5EE66-A56C-4673-9A53-4C92D2CA4DD1}
		{FEB4DF89-8F7E-4AE9-A508-AFE1BFC4F6D5}.0 = {6D333C70-A27D-4E25-AD26-BB9E20558B8F}
		{FEB4DF89-8F7E-4AE9-A508-AFE1BFC4F6D5}.1 = {D490A7A5-ABD2-4BB7-940F-0DDC65F969C3}
		{FEB4DF89-8F7E-4AE9-A508-AFE1BFC4F6D5}.2 = {01B694CE-5AFC-4832-B18E-73AE3E811C74}
		{FEB4DF89-8F7E-4AE9-A508-AFE1BFC4F6D5}.3 = {8CC3C650-909A-42E8-9039-04697C27C565}
		{FEB4DF89-8F7E-4AE9-A508-AFE1BFC4F6D5}.4 = {CDB92E4A-1E5D-49A8-8153-34264B3FEF29}
		{FEB4DF89-8F7E-4AE9-A508-AFE1BFC4F6D5}.5 = {38D5EE66-A56C-4673-9A53-4C92D2CA4DD1}
		{C8C67032-1BBC-4050-AEAE-2D43AE950C76}.0 = {6D333C70-A27D-4E25-AD26-BB9E20558B8F}
		{C8C67032-1BBC-4050-AEAE-2D43AE950C76}.1 = {D490A7A5-ABD2-4BB7-940F-0DDC65F969C3}
		{C8C67032-1BBC-4050-AEAE-2D43AE950C76}.2 = {01B694CE-5AFC-4832-B18E-73AE3E811C74}
		{C8C67032-1BBC-4050-AEAE-2D43AE950C76}.3 = {8CC3C650-909A-42E8-9039-04697C27C565}
		{C8C67032-1BBC-4050-AEAE-2D43AE950C76}.4 = {CDB92E4A-1E5D-49A8-8153-34264B3FEF29}
		{C8C67032-1BBC-4050-AEAE-2D43AE950C76}.5 = {38D5EE66-A56C-4673-9A53-4C92D2CA4DD1}
		{3C294239-15AF-49E2-A5E8-E5CD2785FC3D}.0 = {6D333C70-A27D-4E25-AD26-BB9E20558B8F}
		{3C294239-15AF-49E2-A5E8-E5CD2785FC3D}.1 = {D490A7A5-ABD2-4BB7-940F-0DDC65F969C3}
		{3C294239-15AF-49E2-A5E8-E5CD2785FC3D}.2 = {8CC3C650-909A-42E8-9039-04697C27C565}
		{3C294239-15AF-49E2-A5E8-E5CD2785FC3D}.3 = {38D5EE66-A56C-4673-9A53-4C92D2CA4DD1}
		{3C294239-15AF-49E2-A5E8-E5CD2785FC3D}.4 = {01B694CE-5AFC-4832-B18E-73AE3E811C74}
		{3C294239-15AF-49E2-A5E8-E5CD2785FC3D}.5 = {CDB92E4A-1E5D-49A8-8153-34264B3FEF29}
		{B93AEF58-B533-4820-A0D0-1F8E91301129}.0 = {6D333C70-A27D-4E25-AD26-BB9E20558B8F}
		{B93AEF58-B533-4820-A0D0-1F8E91301129}.1 = {D490A7A5-ABD2-4BB7-940F-0DDC65F969C3}
		{B93AEF58-B533-4820-A0D0-1F8E91301129}.2 = {01B694CE-5AFC-4832-B18E-73AE3E811C74}
		{B93AEF58-B533-4820-A0D0-1F8E91301129}.3 = {8CC3C650-909A-42E8-9039-04697C27C565}
		{B93AEF58-B533-4820-A0D0-1F8E91301129}.4 = {CDB92E4A-1E5D-49A8-8153-34264B3FEF29}
		{B93AEF58-B533-4820-A0D0-1F8E91301129}.5 = {38D5EE66-A56C-4673-9A53-4C92D2CA4DD1}
		{345A8D57-E8D9-41DF-96DE-AAFDF810BAB8}.0 = {6D333C70-A27D-4E25-AD26-BB9E20558B8F}
		{345A8D57-E8D9-41DF-96DE-AAFDF810BAB8}.1 = {D490A7A5-ABD2-4BB7-940F-0DDC65F969C3}
		{345A8D57-E8D9-41DF-96DE-AAFDF810BAB8}.2 = {01B694CE-5AFC-4832-B18E-73AE3E811C74}
		{345A8D57-E8D9-41DF-96DE-AAFDF810BAB8}.3 = {8CC3C650-909A-42E8-9039-04697C27C565}
		{345A8D57-E8D9-41DF-96DE-AAFDF810BAB8}.4 = {CDB92E4A-1E5D-49A8-8153-34264B3FEF29}
		{345A8D57-E8D9-41DF-96DE-AAFDF810BAB8}.5 = {38D5EE66-A56C-4673-9A53-4C92D2CA4DD1}
		{E47D996B-68D6-47DE-B640-44B3C0363E6E}.0 = {6D333C70-A27D-4E25-AD26-BB9E20558B8F}
		{E47D996B-68D6-47DE-B640-44B3C0363E6E}.1 = {D490A7A5-ABD2-4BB7-940F-0DDC65F969C3}
		{E47D996B-68D6-47DE-B640-44B3C0363E6E}.2 = {01B694CE-5AFC-4832-B18E-73AE3E811C74}
		{E47D996B-68D6-47DE-B640-44B3C0363E6E}.3 = {8CC3C650-909A-42E8-9039-04697C27C565}
		{E47D996B-68D6-47DE-B640-44B3C0363E6E}.4 = {CDB92E4A-1E5D-49A8-8153-34264B3FEF29}
		{E47D996B-68D6-47DE-B640-44B3C0363E6E}.5 = {38D5EE66-A56C-4673-9A53-4C92D2CA4DD1}
		{F7404001-6D28-4698-9BF8-5B26426765EA}.0 = {6D333C70-A27D-4E25-AD26-BB9E20558B8F}
		{F7404001-6D28-4698-9BF8-5B26426765EA}.1 = {D490A7A5-ABD2-4BB7-940F-0DDC65F969C3}
		{F7404001-6D28-4698-9BF8-5B26426765EA}.2 = {8CC3C650-909A-42E8-9039-04697C27C565}
		{F7404001-6D28-4698-9BF8-5B26426765EA}.3 = {CDB92E4A-1E5D-49A8-8153-34264B3FEF29}
		{F7404001-6D28-4698-9BF8-5B26426765EA}.4 = {38D5EE66-A56C-4673-9A53-4C92D2CA4DD1}
		{F7404001-6D28-4698-9BF8-5B26426765EA}.5 = {01B694CE-5AFC-4832-B18E-73AE3E811C74}
		{01A371FA-BA4E-4DC9-B339-4E9552545991}.0 = {6D333C70-A27D-4E25-AD26-BB9E20558B8F}
		{01A371FA-BA4E-4DC9-B339-4E9552545991}.1 = {D490A7A5-ABD2-4BB7-940F-0DDC65F969C3}
		{01A371FA-BA4E-4DC9-B339-4E9552545991}.2 = {01B694CE-5AFC-4832-B18E-73AE3E811C74}
		{01A371FA-BA4E-4DC9-B339-4E9552545991}.3 = {8CC3C650-909A-42E8-9039-04697C27C565}
		{01A371FA-BA4E-4DC9-B339-4E9552545991}.4 = {CDB92E4A-1E5D-49A8-8153-34264B3FEF29}
		{01A371FA-BA4E-4DC9-B339-4E9552545991}.5 = {38D5EE66-A56C-4673-9A53-4C92D2CA4DD1}
		{278283D0-FEC2-4B06-8AED-8DDB745215B4}.0 = {D490A7A5-ABD2-4BB7-940F-0DDC65F969C3}
		{278283D0-FEC2-4B06-8AED-8DDB745215B4}.1 = {8CC3C650-909A-42E8-9039-04697C27C565}
		{278283D0-FEC2-4B06-8AED-8DDB745215B4}.2 = {CDB92E4A-1E5D-49A8-8153-34264B3FEF29}
		{278283D0-FEC2-4B06-8AED-8DDB745215B4}.3 = {38D5EE66-A56C-4673-9A53-4C92D2CA4DD1}
		{278283D0-FEC2-4B06-8AED-8DDB745215B4}.4 = {01B694CE-5AFC-4832-B18E-73AE3E811C74}
		{B1DD8C69-F562-4275-BE4E-7A6EF727ED30}.0 = {6D333C70-A27D-4E25-AD26-BB9E20558B8F}
		{B1DD8C69-F562-4275-BE4E-7A6EF727ED30}.1 = {D490A7A5-ABD2-4BB7-940F-0DDC65F969C3}
		{B1DD8C69-F562-4275-BE4E-7A6EF727ED30}.2 = {01B694CE-5AFC-4832-B18E-73AE3E811C74}
		{B1DD8C69-F562-4275-BE4E-7A6EF727ED30}.3 = {8CC3C650-909A-42E8-9039-04697C27C565}
		{B1DD8C69-F562-4275-BE4E-7A6EF727ED30}.4 = {CDB92E4A-1E5D-49A8-8153-34264B3FEF29}
		{B1DD8C69-F562-4275-BE4E-7A6EF727ED30}.5 = {38D5EE66-A56C-4673-9A53-4C92D2CA4DD1}
		{A7DFC4D3-FD76-4375-AD16-009BC39A697D}.0 = {01B694CE-5AFC-4832-B18E-73AE3E811C74}
		{A7DFC4D3-FD76-4375-AD16-009BC39A697D}.1 = {8CC3C650-909A-42E8-9039-04697C27C565}
		{A7DFC4D3-FD76-4375-AD16-009BC39A697D}.2 = {CDB92E4A-1E5D-49A8-8153-34264B3FEF29}
		{A7DFC4D3-FD76-4375-AD16-009BC39A697D}.3 = {38D5EE66-A56C-4673-9A53-4C92D2CA4DD1}
		{A7DFC4D3-FD76-4375-AD16-009BC39A697D}.4 = {D490A7A5-ABD2-4BB7-940F-0DDC65F969C3}
		{A7DFC4D3-FD76-4375-AD16-009BC39A697D}.5 = {6D333C70-A27D-4E25-AD26-BB9E20558B8F}
		{84451C74-4E26-4557-9FB8-8C26243DAC55}.0 = {D490A7A5-ABD2-4BB7-940F-0DDC65F969C3}
		{84451C74-4E26-4557-9FB8-8C26243DAC55}.1 = {38D5EE66-A56C-4673-9A53-4C92D2CA4DD1}
		{84451C74-4E26-4557-9FB8-8C26243DAC55}.2 = {6D333C70-A27D-4E25-AD26-BB9E20558B8F}
		{84451C74-4E26-4557-9FB8-8C26243DAC55}.3 = {8CC3C650-909A-42E8-9039-04697C27C565}
		{84451C74-4E26-4557-9FB8-8C26243DAC55}.4 = {01B694CE-5AFC-4832-B18E-73AE3E811C74}
		{84451C74-4E26-4557-9FB8-8C26243DAC55}.5 = {CDB92E4A-1E5D-49A8-8153-34264B3FEF29}
		{72FA5E78-A53E-42DF-9EB2-1A3D6DF475A2}.0 = {6D333C70-A27D-4E25-AD26-BB9E20558B8F}
		{72FA5E78-A53E-42DF-9EB2-1A3D6DF475A2}.1 = {D490A7A5-ABD2-4BB7-940F-0DDC65F969C3}
		{72FA5E78-A53E-42DF-9EB2-1A3D6DF475A2}.2 = {8CC3C650-909A-42E8-9039-04697C27C565}
		{72FA5E78-A53E-42DF-9EB2-1A3D6DF475A2}.3 = {38D5EE66-A56C-4673-9A53-4C92D2CA4DD1}
		{72FA5E78-A53E-42DF-9EB2-1A3D6DF475A2}.4 = {01B694CE-5AFC-4832-B18E-73AE3E811C74}
		{72FA5E78-A53E-42DF-9EB2-1A3D6DF475A2}.5 = {CDB92E4A-1E5D-49A8-8153-34264B3FEF29}
		{44AB737E-AA4F-47AA-943B-D2ABA9CB424B}.0 = {6D333C70-A27D-4E25-AD26-BB9E20558B8F}
		{44AB737E-AA4F-47AA-943B-D2ABA9CB424B}.1 = {D490A7A5-ABD2-4BB7-940F-0DDC65F969C3}
		{44AB737E-AA4F-47AA-943B-D2ABA9CB424B}.2 = {8CC3C650-909A-42E8-9039-04697C27C565}
		{44AB737E-AA4F-47AA-943B-D2ABA9CB424B}.3 = {CDB92E4A-1E5D-49A8-8153-34264B3FEF29}
		{44AB737E-AA4F-47AA-943B-D2ABA9CB424B}.4 = {38D5EE66-A56C-4673-9A53-4C92D2CA4DD1}
		{44AB737E-AA4F-47AA-943B-D2ABA9CB424B}.5 = {01B694CE-5AFC-4832-B18E-73AE3E811C74}
		{ACF60C5C-93C6-447B-92A2-477AECB0E19C}.0 = {6D333C70-A27D-4E25-AD26-BB9E20558B8F}
		{ACF60C5C-93C6-447B-92A2-477AECB0E19C}.1 = {D490A7A5-ABD2-4BB7-940F-0DDC65F969C3}
		{ACF60C5C-93C6-447B-92A2-477AECB0E19C}.2 = {01B694CE-5AFC-4832-B18E-73AE3E811C74}
		{ACF60C5C-93C6-447B-92A2-477AECB0E19C}.3 = {8CC3C650-909A-42E8-9039-04697C27C565}
		{ACF60C5C-93C6-447B-92A2-477AECB0E19C}.4 = {CDB92E4A-1E5D-49A8-8153-34264B3FEF29}
		{ACF60C5C-93C6-447B-92A2-477AECB0E19C}.5 = {38D5EE66-A56C-4673-9A53-4C92D2CA4DD1}
		{635AA5F3-F45F-49E9-A94D-1519CAAE1AC9}.0 = {6D333C70-A27D-4E25-AD26-BB9E20558B8F}
		{635AA5F3-F45F-49E9-A94D-1519CAAE1AC9}.1 = {D490A7A5-ABD2-4BB7-940F-0DDC65F969C3}
		{635AA5F3-F45F-49E9-A94D-1519CAAE1AC9}.2 = {01B694CE-5AFC-4832-B18E-73AE3E811C74}
		{635AA5F3-F45F-49E9-A94D-1519CAAE1AC9}.3 = {8CC3C650-909A-42E8-9039-04697C27C565}
		{635AA5F3-F45F-49E9-A94D-1519CAAE1AC9}.4 = {CDB92E4A-1E5D-49A8-8153-34264B3FEF29}
		{635AA5F3-F45F-49E9-A94D-1519CAAE1AC9}.5 = {38D5EE66-A56C-4673-9A53-4C92D2CA4DD1}
		{AFE81408-CC31-4EAF-9597-4931F6C08CED}.0 = {6D333C70-A27D-4E25-AD26-BB9E20558B8F}
		{AFE81408-CC31-4EAF-9597-4931F6C08CED}.1 = {D490A7A5-ABD2-4BB7-940F-0DDC65F969C3}
		{AFE81408-CC31-4EAF-9597-4931F6C08CED}.2 = {01B694CE-5AFC-4832-B18E-73AE3E811C74}
		{AFE81408-CC31-4EAF-9597-4931F6C08CED}.3 = {8CC3C650-909A-42E8-9039-04697C27C565}
		{AFE81408-CC31-4EAF-9597-4931F6C08CED}.4 = {CDB92E4A-1E5D-49A8-8153-34264B3FEF29}
		{AFE81408-CC31-4EAF-9597-4931F6C08CED}.5 = {38D5EE66-A56C-4673-9A53-4C92D2CA4DD1}
		{A3C2F702-CE80-48D6-9217-E73E93F19F88}.0 = {6D333C70-A27D-4E25-AD26-BB9E20558B8F}
		{A3C2F702-CE80-48D6-9217-E73E93F19F88}.1 = {D490A7A5-ABD2-4BB7-940F-0DDC65F969C3}
		{A3C2F702-CE80-48D6-9217-E73E93F19F88}.2 = {8CC3C650-909A-42E8-9039-04697C27C565}
		{A3C2F702-CE80-48D6-9217-E73E93F19F88}.3 = {38D5EE66-A56C-4673-9A53-4C92D2CA4DD1}
		{A3C2F702-CE80-48D6-9217-E73E93F19F88}.4 = {CDB92E4A-1E5D-49A8-8153-34264B3FEF29}
		{A3C2F702-CE80-48D6-9217-E73E93F19F88}.5 = {01B694CE-5AFC-4832-B18E-73AE3E811C74}
		{DA5FDB78-78F0-4404-B7F2-BB28206B8BDC}.0 = {6D333C70-A27D-4E25-AD26-BB9E20558B8F}
		{DA5FDB78-78F0-4404-B7F2-BB28206B8BDC}.1 = {D490A7A5-ABD2-4BB7-940F-0DDC65F969C3}
		{DA5FDB78-78F0-4404-B7F2-BB28206B8BDC}.2 = {01B694CE-5AFC-4832-B18E-73AE3E811C74}
		{DA5FDB78-78F0-4404-B7F2-BB28206B8BDC}.3 = {8CC3C650-909A-42E8-9039-04697C27C565}
		{DA5FDB78-78F0-4404-B7F2-BB28206B8BDC}.4 = {CDB92E4A-1E5D-49A8-8153-34264B3FEF29}
		{DA5FDB78-78F0-4404-B7F2-BB28206B8BDC}.5 = {38D5EE66-A56C-4673-9A53-4C92D2CA4DD1}
		{4C924B45-1710-4A4D-9D40-CC232B14CD44}.0 = {6D333C70-A27D-4E25-AD26-BB9E20558B8F}
		{4C924B45-1710-4A4D-9D40-CC232B14CD44}.1 = {D490A7A5-ABD2-4BB7-940F-0DDC65F969C3}
		{4C924B45-1710-4A4D-9D40-CC232B14CD44}.2 = {8CC3C650-909A-42E8-9039-04697C27C565}
		{4C924B45-1710-4A4D-9D40-CC232B14CD44}.3 = {38D5EE66-A56C-4673-9A53-4C92D2CA4DD1}
		{4C924B45-1710-4A4D-9D40-CC232B14CD44}.4 = {01B694CE-5AFC-4832-B18E-73AE3E811C74}
		{4C924B45-1710-4A4D-9D40-CC232B14CD44}.5 = {CDB92E4A-1E5D-49A8-8153-34264B3FEF29}
		{37223926-26AB-4BCE-BBEB-191699C3BEF1}.0 = {6D333C70-A27D-4E25-AD26-BB9E20558B8F}
		{37223926-26AB-4BCE-BBEB-191699C3BEF1}.1 = {D490A7A5-ABD2-4BB7-940F-0DDC65F969C3}
		{37223926-26AB-4BCE-BBEB-191699C3BEF1}.2 = {01B694CE-5AFC-4832-B18E-73AE3E811C74}
		{37223926-26AB-4BCE-BBEB-191699C3BEF1}.3 = {8CC3C650-909A-42E8-9039-04697C27C565}
		{37223926-26AB-4BCE-BBEB-191699C3BEF1}.4 = {CDB92E4A-1E5D-49A8-8153-34264B3FEF29}
		{37223926-26AB-4BCE-BBEB-191699C3BEF1}.5 = {38D5EE66-A56C-4673-9A53-4C92D2CA4DD1}
		{CDB92E4A-1E5D-49A8-8153-34264B3FEF29}.0 = {38D5EE66-A56C-4673-9A53-4C92D2CA4DD1}
		{CDB92E4A-1E5D-49A8-8153-34264B3FEF29}.1 = {01B694CE-5AFC-4832-B18E-73AE3E811C74}
		{CDB92E4A-1E5D-49A8-8153-34264B3FEF29}.2 = {D490A7A5-ABD2-4BB7-940F-0DDC65F969C3}
		{CDB92E4A-1E5D-49A8-8153-34264B3FEF29}.3 = {6D333C70-A27D-4E25-AD26-BB9E20558B8F}
		{CDB92E4A-1E5D-49A8-8153-34264B3FEF29}.4 = {8CC3C650-909A-42E8-9039-04697C27C565}
		{8D79E782-9747-4732-A869-CA630AC7D3C0}.0 = {D490A7A5-ABD2-4BB7-940F-0DDC65F969C3}
		{8D79E782-9747-4732-A869-CA630AC7D3C0}.1 = {8CC3C650-909A-42E8-9039-04697C27C565}
		{8D79E782-9747-4732-A869-CA630AC7D3C0}.2 = {38D5EE66-A56C-4673-9A53-4C92D2CA4DD1}
		{8D79E782-9747-4732-A869-CA630AC7D3C0}.3 = {6D333C70-A27D-4E25-AD26-BB9E20558B8F}
		{8D79E782-9747-4732-A869-CA630AC7D3C0}.4 = {CDB92E4A-1E5D-49A8-8153-34264B3FEF29}
		{8D79E782-9747-4732-A869-CA630AC7D3C0}.5 = {01B694CE-5AFC-4832-B18E-73AE3E811C74}
		{8D79E782-9747-4732-A869-CA630AC7D3C0}.6 = {0C2A1DB4-652B-4F59-BBDC-376E94561647}
		{B5900135-3859-403D-BC2F-FD90B4C2B2E5}.0 = {6D333C70-A27D-4E25-AD26-BB9E20558B8F}
		{B5900135-3859-403D-BC2F-FD90B4C2B2E5}.1 = {D490A7A5-ABD2-4BB7-940F-0DDC65F969C3}
		{B5900135-3859-403D-BC2F-FD90B4C2B2E5}.2 = {8CC3C650-909A-42E8-9039-04697C27C565}
		{B5900135-3859-403D-BC2F-FD90B4C2B2E5}.3 = {38D5EE66-A56C-4673-9A53-4C92D2CA4DD1}
		{B5900135-3859-403D-BC2F-FD90B4C2B2E5}.4 = {01B694CE-5AFC-4832-B18E-73AE3E811C74}
		{B5900135-3859-403D-BC2F-FD90B4C2B2E5}.5 = {CDB92E4A-1E5D-49A8-8153-34264B3FEF29}
		{B5900135-3859-403D-BC2F-FD90B4C2B2E5}.6 = {86DA78E6-9FC4-40B7-9E55-390903F2A144}
		{B5900135-3859-403D-BC2F-FD90B4C2B2E5}.7 = {0C2A1DB4-652B-4F59-BBDC-376E94561647}
		{B5900135-3859-403D-BC2F-FD90B4C2B2E5}.8 = {A45F932B-0CF8-41B0-A8FF-1386283E2BE7}
		{967364EA-F3C7-455E-BBA4-F8B031FB780C}.0 = {6D333C70-A27D-4E25-AD26-BB9E20558B8F}
		{967364EA-F3C7-455E-BBA4-F8B031FB780C}.1 = {01B694CE-5AFC-4832-B18E-73AE3E811C74}
		{967364EA-F3C7-455E-BBA4-F8B031FB780C}.2 = {8CC3C650-909A-42E8-9039-04697C27C565}
		{967364EA-F3C7-455E-BBA4-F8B031FB780C}.3 = {CDB92E4A-1E5D-49A8-8153-34264B3FEF29}
	EndGlobalSection
	GlobalSection(ProjectConfiguration) = postSolution
		{2DBC8F99-0223-499F-9AC1-4702EA5DD47B}.Debug.ActiveCfg = Debug|Win32
		{2DBC8F99-0223-499F-9AC1-4702EA5DD47B}.Debug.Build.0 = Debug|Win32
		{2DBC8F99-0223-499F-9AC1-4702EA5DD47B}.Release.ActiveCfg = Release|Win32
		{2DBC8F99-0223-499F-9AC1-4702EA5DD47B}.Release.Build.0 = Release|Win32
		{2DBC8F99-0223-499F-9AC1-4702EA5DD47B}.Tools Debug.ActiveCfg = Debug|Win32
		{2DBC8F99-0223-499F-9AC1-4702EA5DD47B}.Tools Debug.Build.0 = Debug|Win32
		{2DBC8F99-0223-499F-9AC1-4702EA5DD47B}.Tools Release.ActiveCfg = Release|Win32
		{2DBC8F99-0223-499F-9AC1-4702EA5DD47B}.Tools Release.Build.0 = Release|Win32
		{2DBC8F99-0223-499F-9AC1-4702EA5DD47B}.Tune.ActiveCfg = Release|Win32
		{2DBC8F99-0223-499F-9AC1-4702EA5DD47B}.Tune.Build.0 = Release|Win32
		{FEB4DF89-8F7E-4AE9-A508-AFE1BFC4F6D5}.Debug.ActiveCfg = Debug|Win32
		{FEB4DF89-8F7E-4AE9-A508-AFE1BFC4F6D5}.Debug.Build.0 = Debug|Win32
		{FEB4DF89-8F7E-4AE9-A508-AFE1BFC4F6D5}.Release.ActiveCfg = Release|Win32
		{FEB4DF89-8F7E-4AE9-A508-AFE1BFC4F6D5}.Release.Build.0 = Release|Win32
		{FEB4DF89-8F7E-4AE9-A508-AFE1BFC4F6D5}.Tools Debug.ActiveCfg = Debug|Win32
		{FEB4DF89-8F7E-4AE9-A508-AFE1BFC4F6D5}.Tools Debug.Build.0 = Debug|Win32
		{FEB4DF89-8F7E-4AE9-A508-AFE1BFC4F6D5}.Tools Release.ActiveCfg = Release|Win32
		{FEB4DF89-8F7E-4AE9-A508-AFE1BFC4F6D5}.Tools Release.Build.0 = Release|Win32
		{FEB4DF89-8F7E-4AE9-A508-AFE1BFC4F6D5}.Tune.ActiveCfg = Debug|Win32
		{FEB4DF89-8F7E-4AE9-A508-AFE1BFC4F6D5}.Tune.Build.0 = Debug|Win32
		{C8C67032-1BBC-4050-AEAE-2D43AE950C76}.Debug.ActiveCfg = Debug|Win32
		{C8C67032-1BBC-4050-AEAE-2D43AE950C76}.Debug.Build.0 = Debug|Win32
		{C8C67032-1BBC-4050-AEAE-2D43AE950C76}.Release.ActiveCfg = Release|Win32
		{C8C67032-1BBC-4050-AEAE-2D43AE950C76}.Release.Build.0 = Release|Win32
		{C8C67032-1BBC-4050-AEAE-2D43AE950C76}.Tools Debug.ActiveCfg = Debug|Win32
		{C8C67032-1BBC-4050-AEAE-2D43AE950C76}.Tools Debug.Build.0 = Debug|Win32
		{C8C67032-1BBC-4050-AEAE-2D43AE950C76}.Tools Release.ActiveCfg = Release|Win32
		{C8C67032-1BBC-4050-AEAE-2D43AE950C76}.Tools Release.Build.0 = Release|Win32
		{C8C67032-1BBC-4050-AEAE-2D43AE950C76}.Tune.ActiveCfg = Release|Win32
		{C8C67032-1BBC-4050-AEAE-2D43AE950C76}.Tune.Build.0 = Release|Win32
		{3C294239-15AF-49E2-A5E8-E5CD2785FC3D}.Debug.ActiveCfg = Debug|Win32
		{3C294239-15AF-49E2-A5E8-E5CD2785FC3D}.Debug.Build.0 = Debug|Win32
		{3C294239-15AF-49E2-A5E8-E5CD2785FC3D}.Release.ActiveCfg = Release|Win32
		{3C294239-15AF-49E2-A5E8-E5CD2785FC3D}.Release.Build.0 = Release|Win32
		{3C294239-15AF-49E2-A5E8-E5CD2785FC3D}.Tools Debug.ActiveCfg = Debug|Win32
		{3C294239-15AF-49E2-A5E8-E5CD2785FC3D}.Tools Debug.Build.0 = Debug|Win32
		{3C294239-15AF-49E2-A5E8-E5CD2785FC3D}.Tools Release.ActiveCfg = Release|Win32
		{3C294239-15AF-49E2-A5E8-E5CD2785FC3D}.Tools Release.Build.0 = Release|Win32
		{3C294239-15AF-49E2-A5E8-E5CD2785FC3D}.Tune.ActiveCfg = Release|Win32
		{3C294239-15AF-49E2-A5E8-E5CD2785FC3D}.Tune.Build.0 = Release|Win32
		{B93AEF58-B533-4820-A0D0-1F8E91301129}.Debug.ActiveCfg = Debug|Win32
		{B93AEF58-B533-4820-A0D0-1F8E91301129}.Debug.Build.0 = Debug|Win32
		{B93AEF58-B533-4820-A0D0-1F8E91301129}.Release.ActiveCfg = Release|Win32
		{B93AEF58-B533-4820-A0D0-1F8E91301129}.Release.Build.0 = Release|Win32
		{B93AEF58-B533-4820-A0D0-1F8E91301129}.Tools Debug.ActiveCfg = Debug|Win32
		{B93AEF58-B533-4820-A0D0-1F8E91301129}.Tools Debug.Build.0 = Debug|Win32
		{B93AEF58-B533-4820-A0D0-1F8E91301129}.Tools Release.ActiveCfg = Release|Win32
		{B93AEF58-B533-4820-A0D0-1F8E91301129}.Tools Release.Build.0 = Release|Win32
		{B93AEF58-B533-4820-A0D0-1F8E91301129}.Tune.ActiveCfg = Debug|Win32
		{B93AEF58-B533-4820-A0D0-1F8E91301129}.Tune.Build.0 = Debug|Win32
		{F456A1E8-974F-4D56-BB57-3D944DF8DCB1}.Debug.ActiveCfg = Debug|Win32
		{F456A1E8-974F-4D56-BB57-3D944DF8DCB1}.Debug.Build.0 = Debug|Win32
		{F456A1E8-974F-4D56-BB57-3D944DF8DCB1}.Release.ActiveCfg = Release|Win32
		{F456A1E8-974F-4D56-BB57-3D944DF8DCB1}.Release.Build.0 = Release|Win32
		{F456A1E8-974F-4D56-BB57-3D944DF8DCB1}.Tools Debug.ActiveCfg = Debug|Win32
		{F456A1E8-974F-4D56-BB57-3D944DF8DCB1}.Tools Debug.Build.0 = Debug|Win32
		{F456A1E8-974F-4D56-BB57-3D944DF8DCB1}.Tools Release.ActiveCfg = Release|Win32
		{F456A1E8-974F-4D56-BB57-3D944DF8DCB1}.Tools Release.Build.0 = Release|Win32
		{F456A1E8-974F-4D56-BB57-3D944DF8DCB1}.Tune.ActiveCfg = Release|Win32
		{F456A1E8-974F-4D56-BB57-3D944DF8DCB1}.Tune.Build.0 = Release|Win32
		{86DA78E6-9FC4-40B7-9E55-390903F2A144}.Debug.ActiveCfg = Debug|Win32
		{86DA78E6-9FC4-40B7-9E55-390903F2A144}.Debug.Build.0 = Debug|Win32
		{86DA78E6-9FC4-40B7-9E55-390903F2A144}.Release.ActiveCfg = Release|Win32
		{86DA78E6-9FC4-40B7-9E55-390903F2A144}.Release.Build.0 = Release|Win32
		{86DA78E6-9FC4-40B7-9E55-390903F2A144}.Tools Debug.ActiveCfg = Tools Debug|Win32
		{86DA78E6-9FC4-40B7-9E55-390903F2A144}.Tools Debug.Build.0 = Tools Debug|Win32
		{86DA78E6-9FC4-40B7-9E55-390903F2A144}.Tools Release.ActiveCfg = Tools Release|Win32
		{86DA78E6-9FC4-40B7-9E55-390903F2A144}.Tools Release.Build.0 = Tools Release|Win32
		{86DA78E6-9FC4-40B7-9E55-390903F2A144}.Tune.ActiveCfg = Tune|Win32
		{86DA78E6-9FC4-40B7-9E55-390903F2A144}.Tune.Build.0 = Tune|Win32
		{345A8D57-E8D9-41DF-96DE-AAFDF810BAB8}.Debug.ActiveCfg = Debug|Win32
		{345A8D57-E8D9-41DF-96DE-AAFDF810BAB8}.Debug.Build.0 = Debug|Win32
		{345A8D57-E8D9-41DF-96DE-AAFDF810BAB8}.Release.ActiveCfg = Release|Win32
		{345A8D57-E8D9-41DF-96DE-AAFDF810BAB8}.Release.Build.0 = Release|Win32
		{345A8D57-E8D9-41DF-96DE-AAFDF810BAB8}.Tools Debug.ActiveCfg = Debug|Win32
		{345A8D57-E8D9-41DF-96DE-AAFDF810BAB8}.Tools Debug.Build.0 = Debug|Win32
		{345A8D57-E8D9-41DF-96DE-AAFDF810BAB8}.Tools Release.ActiveCfg = Release|Win32
		{345A8D57-E8D9-41DF-96DE-AAFDF810BAB8}.Tools Release.Build.0 = Release|Win32
		{345A8D57-E8D9-41DF-96DE-AAFDF810BAB8}.Tune.ActiveCfg = Debug|Win32
		{345A8D57-E8D9-41DF-96DE-AAFDF810BAB8}.Tune.Build.0 = Debug|Win32
		{E47D996B-68D6-47DE-B640-44B3C0363E6E}.Debug.ActiveCfg = Debug|Win32
		{E47D996B-68D6-47DE-B640-44B3C0363E6E}.Debug.Build.0 = Debug|Win32
		{E47D996B-68D6-47DE-B640-44B3C0363E6E}.Release.ActiveCfg = Release|Win32
		{E47D996B-68D6-47DE-B640-44B3C0363E6E}.Release.Build.0 = Release|Win32
		{E47D996B-68D6-47DE-B640-44B3C0363E6E}.Tools Debug.ActiveCfg = Debug|Win32
		{E47D996B-68D6-47DE-B640-44B3C0363E6E}.Tools Debug.Build.0 = Debug|Win32
		{E47D996B-68D6-47DE-B640-44B3C0363E6E}.Tools Release.ActiveCfg = Release|Win32
		{E47D996B-68D6-47DE-B640-44B3C0363E6E}.Tools Release.Build.0 = Release|Win32
		{E47D996B-68D6-47DE-B640-44B3C0363E6E}.Tune.ActiveCfg = Release|Win32
		{E47D996B-68D6-47DE-B640-44B3C0363E6E}.Tune.Build.0 = Release|Win32
		{F7404001-6D28-4698-9BF8-5B26426765EA}.Debug.ActiveCfg = Debug|Win32
		{F7404001-6D28-4698-9BF8-5B26426765EA}.Debug.Build.0 = Debug|Win32
		{F7404001-6D28-4698-9BF8-5B26426765EA}.Release.ActiveCfg = Release|Win32
		{F7404001-6D28-4698-9BF8-5B26426765EA}.Release.Build.0 = Release|Win32
		{F7404001-6D28-4698-9BF8-5B26426765EA}.Tools Debug.ActiveCfg = Debug|Win32
		{F7404001-6D28-4698-9BF8-5B26426765EA}.Tools Debug.Build.0 = Debug|Win32
		{F7404001-6D28-4698-9BF8-5B26426765EA}.Tools Release.ActiveCfg = Release|Win32
		{F7404001-6D28-4698-9BF8-5B26426765EA}.Tools Release.Build.0 = Release|Win32
		{F7404001-6D28-4698-9BF8-5B26426765EA}.Tune.ActiveCfg = Debug|Win32
		{F7404001-6D28-4698-9BF8-5B26426765EA}.Tune.Build.0 = Debug|Win32
		{6D333C70-A27D-4E25-AD26-BB9E20558B8F}.Debug.ActiveCfg = Debug|Win32
		{6D333C70-A27D-4E25-AD26-BB9E20558B8F}.Debug.Build.0 = Debug|Win32
		{6D333C70-A27D-4E25-AD26-BB9E20558B8F}.Release.ActiveCfg = Release|Win32
		{6D333C70-A27D-4E25-AD26-BB9E20558B8F}.Release.Build.0 = Release|Win32
		{6D333C70-A27D-4E25-AD26-BB9E20558B8F}.Tools Debug.ActiveCfg = Tools Debug|Win32
		{6D333C70-A27D-4E25-AD26-BB9E20558B8F}.Tools Debug.Build.0 = Tools Debug|Win32
		{6D333C70-A27D-4E25-AD26-BB9E20558B8F}.Tools Release.ActiveCfg = Tools Release|Win32
		{6D333C70-A27D-4E25-AD26-BB9E20558B8F}.Tools Release.Build.0 = Tools Release|Win32
		{6D333C70-A27D-4E25-AD26-BB9E20558B8F}.Tune.ActiveCfg = Tools Release|Win32
		{6D333C70-A27D-4E25-AD26-BB9E20558B8F}.Tune.Build.0 = Tools Release|Win32
		{D490A7A5-ABD2-4BB7-940F-0DDC65F969C3}.Debug.ActiveCfg = Debug|Win32
		{D490A7A5-ABD2-4BB7-940F-0DDC65F969C3}.Debug.Build.0 = Debug|Win32
		{D490A7A5-ABD2-4BB7-940F-0DDC65F969C3}.Release.ActiveCfg = Release|Win32
		{D490A7A5-ABD2-4BB7-940F-0DDC65F969C3}.Release.Build.0 = Release|Win32
		{D490A7A5-ABD2-4BB7-940F-0DDC65F969C3}.Tools Debug.ActiveCfg = Tools Debug|Win32
		{D490A7A5-ABD2-4BB7-940F-0DDC65F969C3}.Tools Debug.Build.0 = Tools Debug|Win32
		{D490A7A5-ABD2-4BB7-940F-0DDC65F969C3}.Tools Release.ActiveCfg = Tools Release|Win32
		{D490A7A5-ABD2-4BB7-940F-0DDC65F969C3}.Tools Release.Build.0 = Tools Release|Win32
		{D490A7A5-ABD2-4BB7-940F-0DDC65F969C3}.Tune.ActiveCfg = Tune|Win32
		{D490A7A5-ABD2-4BB7-940F-0DDC65F969C3}.Tune.Build.0 = Tune|Win32
		{01A371FA-BA4E-4DC9-B339-4E9552545991}.Debug.ActiveCfg = Debug|Win32
		{01A371FA-BA4E-4DC9-B339-4E9552545991}.Debug.Build.0 = Debug|Win32
		{01A371FA-BA4E-4DC9-B339-4E9552545991}.Release.ActiveCfg = Release|Win32
		{01A371FA-BA4E-4DC9-B339-4E9552545991}.Release.Build.0 = Release|Win32
		{01A371FA-BA4E-4DC9-B339-4E9552545991}.Tools Debug.ActiveCfg = Debug|Win32
		{01A371FA-BA4E-4DC9-B339-4E9552545991}.Tools Debug.Build.0 = Debug|Win32
		{01A371FA-BA4E-4DC9-B339-4E9552545991}.Tools Release.ActiveCfg = Release|Win32
		{01A371FA-BA4E-4DC9-B339-4E9552545991}.Tools Release.Build.0 = Release|Win32
		{01A371FA-BA4E-4DC9-B339-4E9552545991}.Tune.ActiveCfg = Debug|Win32
		{01A371FA-BA4E-4DC9-B339-4E9552545991}.Tune.Build.0 = Debug|Win32
		{278283D0-FEC2-4B06-8AED-8DDB745215B4}.Debug.ActiveCfg = Tools Debug|Win32
		{278283D0-FEC2-4B06-8AED-8DDB745215B4}.Debug.Build.0 = Tools Debug|Win32
		{278283D0-FEC2-4B06-8AED-8DDB745215B4}.Release.ActiveCfg = Tools Release|Win32
		{278283D0-FEC2-4B06-8AED-8DDB745215B4}.Release.Build.0 = Tools Release|Win32
		{278283D0-FEC2-4B06-8AED-8DDB745215B4}.Tools Debug.ActiveCfg = Tools Debug|Win32
		{278283D0-FEC2-4B06-8AED-8DDB745215B4}.Tools Debug.Build.0 = Tools Debug|Win32
		{278283D0-FEC2-4B06-8AED-8DDB745215B4}.Tools Release.ActiveCfg = Tools Release|Win32
		{278283D0-FEC2-4B06-8AED-8DDB745215B4}.Tools Release.Build.0 = Tools Release|Win32
		{278283D0-FEC2-4B06-8AED-8DDB745215B4}.Tune.ActiveCfg = Tools Debug|Win32
		{278283D0-FEC2-4B06-8AED-8DDB745215B4}.Tune.Build.0 = Tools Debug|Win32
		{B1DD8C69-F562-4275-BE4E-7A6EF727ED30}.Debug.ActiveCfg = Debug|Win32
		{B1DD8C69-F562-4275-BE4E-7A6EF727ED30}.Debug.Build.0 = Debug|Win32
		{B1DD8C69-F562-4275-BE4E-7A6EF727ED30}.Release.ActiveCfg = Release|Win32
		{B1DD8C69-F562-4275-BE4E-7A6EF727ED30}.Release.Build.0 = Release|Win32
		{B1DD8C69-F562-4275-BE4E-7A6EF727ED30}.Tools Debug.ActiveCfg = Debug|Win32
		{B1DD8C69-F562-4275-BE4E-7A6EF727ED30}.Tools Debug.Build.0 = Debug|Win32
		{B1DD8C69-F562-4275-BE4E-7A6EF727ED30}.Tools Release.ActiveCfg = Release|Win32
		{B1DD8C69-F562-4275-BE4E-7A6EF727ED30}.Tools Release.Build.0 = Release|Win32
		{B1DD8C69-F562-4275-BE4E-7A6EF727ED30}.Tune.ActiveCfg = Debug|Win32
		{B1DD8C69-F562-4275-BE4E-7A6EF727ED30}.Tune.Build.0 = Debug|Win32
		{A7DFC4D3-FD76-4375-AD16-009BC39A697D}.Debug.ActiveCfg = Debug|Win32
		{A7DFC4D3-FD76-4375-AD16-009BC39A697D}.Debug.Build.0 = Debug|Win32
		{A7DFC4D3-FD76-4375-AD16-009BC39A697D}.Release.ActiveCfg = Release|Win32
		{A7DFC4D3-FD76-4375-AD16-009BC39A697D}.Release.Build.0 = Release|Win32
		{A7DFC4D3-FD76-4375-AD16-009BC39A697D}.Tools Debug.ActiveCfg = Debug|Win32
		{A7DFC4D3-FD76-4375-AD16-009BC39A697D}.Tools Debug.Build.0 = Debug|Win32
		{A7DFC4D3-FD76-4375-AD16-009BC39A697D}.Tools Release.ActiveCfg = Release|Win32
		{A7DFC4D3-FD76-4375-AD16-009BC39A697D}.Tools Release.Build.0 = Release|Win32
		{A7DFC4D3-FD76-4375-AD16-009BC39A697D}.Tune.ActiveCfg = Release|Win32
		{A7DFC4D3-FD76-4375-AD16-009BC39A697D}.Tune.Build.0 = Release|Win32
		{84451C74-4E26-4557-9FB8-8C26243DAC55}.Debug.ActiveCfg = Debug|Win32
		{84451C74-4E26-4557-9FB8-8C26243DAC55}.Debug.Build.0 = Debug|Win32
		{84451C74-4E26-4557-9FB8-8C26243DAC55}.Release.ActiveCfg = Release|Win32
		{84451C74-4E26-4557-9FB8-8C26243DAC55}.Release.Build.0 = Release|Win32
		{84451C74-4E26-4557-9FB8-8C26243DAC55}.Tools Debug.ActiveCfg = Debug|Win32
		{84451C74-4E26-4557-9FB8-8C26243DAC55}.Tools Debug.Build.0 = Debug|Win32
		{84451C74-4E26-4557-9FB8-8C26243DAC55}.Tools Release.ActiveCfg = Release|Win32
		{84451C74-4E26-4557-9FB8-8C26243DAC55}.Tools Release.Build.0 = Release|Win32
		{84451C74-4E26-4557-9FB8-8C26243DAC55}.Tune.ActiveCfg = Debug|Win32
		{84451C74-4E26-4557-9FB8-8C26243DAC55}.Tune.Build.0 = Debug|Win32
		{72FA5E78-A53E-42DF-9EB2-1A3D6DF475A2}.Debug.ActiveCfg = Debug|Win32
		{72FA5E78-A53E-42DF-9EB2-1A3D6DF475A2}.Debug.Build.0 = Debug|Win32
		{72FA5E78-A53E-42DF-9EB2-1A3D6DF475A2}.Release.ActiveCfg = Release|Win32
		{72FA5E78-A53E-42DF-9EB2-1A3D6DF475A2}.Release.Build.0 = Release|Win32
		{72FA5E78-A53E-42DF-9EB2-1A3D6DF475A2}.Tools Debug.ActiveCfg = Debug|Win32
		{72FA5E78-A53E-42DF-9EB2-1A3D6DF475A2}.Tools Debug.Build.0 = Debug|Win32
		{72FA5E78-A53E-42DF-9EB2-1A3D6DF475A2}.Tools Release.ActiveCfg = Release|Win32
		{72FA5E78-A53E-42DF-9EB2-1A3D6DF475A2}.Tools Release.Build.0 = Release|Win32
		{72FA5E78-A53E-42DF-9EB2-1A3D6DF475A2}.Tune.ActiveCfg = Release|Win32
		{72FA5E78-A53E-42DF-9EB2-1A3D6DF475A2}.Tune.Build.0 = Release|Win32
		{44AB737E-AA4F-47AA-943B-D2ABA9CB424B}.Debug.ActiveCfg = Debug|Win32
		{44AB737E-AA4F-47AA-943B-D2ABA9CB424B}.Debug.Build.0 = Debug|Win32
		{44AB737E-AA4F-47AA-943B-D2ABA9CB424B}.Release.ActiveCfg = Release|Win32
		{44AB737E-AA4F-47AA-943B-D2ABA9CB424B}.Release.Build.0 = Release|Win32
		{44AB737E-AA4F-47AA-943B-D2ABA9CB424B}.Tools Debug.ActiveCfg = Debug|Win32
		{44AB737E-AA4F-47AA-943B-D2ABA9CB424B}.Tools Debug.Build.0 = Debug|Win32
		{44AB737E-AA4F-47AA-943B-D2ABA9CB424B}.Tools Release.ActiveCfg = Release|Win32
		{44AB737E-AA4F-47AA-943B-D2ABA9CB424B}.Tools Release.Build.0 = Release|Win32
		{44AB737E-AA4F-47AA-943B-D2ABA9CB424B}.Tune.ActiveCfg = Release|Win32
		{44AB737E-AA4F-47AA-943B-D2ABA9CB424B}.Tune.Build.0 = Release|Win32
		{ACF60C5C-93C6-447B-92A2-477AECB0E19C}.Debug.ActiveCfg = Debug|Win32
		{ACF60C5C-93C6-447B-92A2-477AECB0E19C}.Debug.Build.0 = Debug|Win32
		{ACF60C5C-93C6-447B-92A2-477AECB0E19C}.Release.ActiveCfg = Release|Win32
		{ACF60C5C-93C6-447B-92A2-477AECB0E19C}.Release.Build.0 = Release|Win32
		{ACF60C5C-93C6-447B-92A2-477AECB0E19C}.Tools Debug.ActiveCfg = Debug|Win32
		{ACF60C5C-93C6-447B-92A2-477AECB0E19C}.Tools Debug.Build.0 = Debug|Win32
		{ACF60C5C-93C6-447B-92A2-477AECB0E19C}.Tools Release.ActiveCfg = Release|Win32
		{ACF60C5C-93C6-447B-92A2-477AECB0E19C}.Tools Release.Build.0 = Release|Win32
		{ACF60C5C-93C6-447B-92A2-477AECB0E19C}.Tune.ActiveCfg = Debug|Win32
		{ACF60C5C-93C6-447B-92A2-477AECB0E19C}.Tune.Build.0 = Debug|Win32
		{635AA5F3-F45F-49E9-A94D-1519CAAE1AC9}.Debug.ActiveCfg = Debug|Win32
		{635AA5F3-F45F-49E9-A94D-1519CAAE1AC9}.Debug.Build.0 = Debug|Win32
		{635AA5F3-F45F-49E9-A94D-1519CAAE1AC9}.Release.ActiveCfg = Release|Win32
		{635AA5F3-F45F-49E9-A94D-1519CAAE1AC9}.Release.Build.0 = Release|Win32
		{635AA5F3-F45F-49E9-A94D-1519CAAE1AC9}.Tools Debug.ActiveCfg = Debug|Win32
		{635AA5F3-F45F-49E9-A94D-1519CAAE1AC9}.Tools Debug.Build.0 = Debug|Win32
		{635AA5F3-F45F-49E9-A94D-1519CAAE1AC9}.Tools Release.ActiveCfg = Release|Win32
		{635AA5F3-F45F-49E9-A94D-1519CAAE1AC9}.Tools Release.Build.0 = Release|Win32
		{635AA5F3-F45F-49E9-A94D-1519CAAE1AC9}.Tune.ActiveCfg = Release|Win32
		{635AA5F3-F45F-49E9-A94D-1519CAAE1AC9}.Tune.Build.0 = Release|Win32
		{AFE81408-CC31-4EAF-9597-4931F6C08CED}.Debug.ActiveCfg = Debug|Win32
		{AFE81408-CC31-4EAF-9597-4931F6C08CED}.Debug.Build.0 = Debug|Win32
		{AFE81408-CC31-4EAF-9597-4931F6C08CED}.Release.ActiveCfg = Release|Win32
		{AFE81408-CC31-4EAF-9597-4931F6C08CED}.Release.Build.0 = Release|Win32
		{AFE81408-CC31-4EAF-9597-4931F6C08CED}.Tools Debug.ActiveCfg = Debug|Win32
		{AFE81408-CC31-4EAF-9597-4931F6C08CED}.Tools Debug.Build.0 = Debug|Win32
		{AFE81408-CC31-4EAF-9597-4931F6C08CED}.Tools Release.ActiveCfg = Release|Win32
		{AFE81408-CC31-4EAF-9597-4931F6C08CED}.Tools Release.Build.0 = Release|Win32
		{AFE81408-CC31-4EAF-9597-4931F6C08CED}.Tune.ActiveCfg = Debug|Win32
		{AFE81408-CC31-4EAF-9597-4931F6C08CED}.Tune.Build.0 = Debug|Win32
		{A3C2F702-CE80-48D6-9217-E73E93F19F88}.Debug.ActiveCfg = Debug|Win32
		{A3C2F702-CE80-48D6-9217-E73E93F19F88}.Debug.Build.0 = Debug|Win32
		{A3C2F702-CE80-48D6-9217-E73E93F19F88}.Release.ActiveCfg = Release|Win32
		{A3C2F702-CE80-48D6-9217-E73E93F19F88}.Release.Build.0 = Release|Win32
		{A3C2F702-CE80-48D6-9217-E73E93F19F88}.Tools Debug.ActiveCfg = Debug|Win32
		{A3C2F702-CE80-48D6-9217-E73E93F19F88}.Tools Debug.Build.0 = Debug|Win32
		{A3C2F702-CE80-48D6-9217-E73E93F19F88}.Tools Release.ActiveCfg = Release|Win32
		{A3C2F702-CE80-48D6-9217-E73E93F19F88}.Tools Release.Build.0 = Release|Win32
		{A3C2F702-CE80-48D6-9217-E73E93F19F88}.Tune.ActiveCfg = Debug|Win32
		{A3C2F702-CE80-48D6-9217-E73E93F19F88}.Tune.Build.0 = Debug|Win32
		{DA5FDB78-78F0-4404-B7F2-BB28206B8BDC}.Debug.ActiveCfg = Debug|Win32
		{DA5FDB78-78F0-4404-B7F2-BB28206B8BDC}.Debug.Build.0 = Debug|Win32
		{DA5FDB78-78F0-4404-B7F2-BB28206B8BDC}.Release.ActiveCfg = Release|Win32
		{DA5FDB78-78F0-4404-B7F2-BB28206B8BDC}.Release.Build.0 = Release|Win32
		{DA5FDB78-78F0-4404-B7F2-BB28206B8BDC}.Tools Debug.ActiveCfg = Debug|Win32
		{DA5FDB78-78F0-4404-B7F2-BB28206B8BDC}.Tools Debug.Build.0 = Debug|Win32
		{DA5FDB78-78F0-4404-B7F2-BB28206B8BDC}.Tools Release.ActiveCfg = Release|Win32
		{DA5FDB78-78F0-4404-B7F2-BB28206B8BDC}.Tools Release.Build.0 = Release|Win32
		{DA5FDB78-78F0-4404-B7F2-BB28206B8BDC}.Tune.ActiveCfg = Debug|Win32
		{DA5FDB78-78F0-4404-B7F2-BB28206B8BDC}.Tune.Build.0 = Debug|Win32
		{4C924B45-1710-4A4D-9D40-CC232B14CD44}.Debug.ActiveCfg = Debug|Win32
		{4C924B45-1710-4A4D-9D40-CC232B14CD44}.Debug.Build.0 = Debug|Win32
		{4C924B45-1710-4A4D-9D40-CC232B14CD44}.Release.ActiveCfg = Release|Win32
		{4C924B45-1710-4A4D-9D40-CC232B14CD44}.Release.Build.0 = Release|Win32
		{4C924B45-1710-4A4D-9D40-CC232B14CD44}.Tools Debug.ActiveCfg = Debug|Win32
		{4C924B45-1710-4A4D-9D40-CC232B14CD44}.Tools Debug.Build.0 = Debug|Win32
		{4C924B45-1710-4A4D-9D40-CC232B14CD44}.Tools Release.ActiveCfg = Release|Win32
		{4C924B45-1710-4A4D-9D40-CC232B14CD44}.Tools Release.Build.0 = Release|Win32
		{4C924B45-1710-4A4D-9D40-CC232B14CD44}.Tune.ActiveCfg = Release|Win32
		{4C924B45-1710-4A4D-9D40-CC232B14CD44}.Tune.Build.0 = Release|Win32
		{0C2A1DB4-652B-4F59-BBDC-376E94561647}.Debug.ActiveCfg = Debug|Win32
		{0C2A1DB4-652B-4F59-BBDC-376E94561647}.Debug.Build.0 = Debug|Win32
		{0C2A1DB4-652B-4F59-BBDC-376E94561647}.Release.ActiveCfg = Release|Win32
		{0C2A1DB4-652B-4F59-BBDC-376E94561647}.Release.Build.0 = Release|Win32
		{0C2A1DB4-652B-4F59-BBDC-376E94561647}.Tools Debug.ActiveCfg = Tools Debug|Win32
		{0C2A1DB4-652B-4F59-BBDC-376E94561647}.Tools Debug.Build.0 = Tools Debug|Win32
		{0C2A1DB4-652B-4F59-BBDC-376E94561647}.Tools Release.ActiveCfg = Tools Release|Win32
		{0C2A1DB4-652B-4F59-BBDC-376E94561647}.Tools Release.Build.0 = Tools Release|Win32
		{0C2A1DB4-652B-4F59-BBDC-376E94561647}.Tune.ActiveCfg = Tune|Win32
		{0C2A1DB4-652B-4F59-BBDC-376E94561647}.Tune.Build.0 = Tune|Win32
		{A45F932B-0CF8-41B0-A8FF-1386283E2BE7}.Debug.ActiveCfg = Debug|Win32
		{A45F932B-0CF8-41B0-A8FF-1386283E2BE7}.Debug.Build.0 = Debug|Win32
		{A45F932B-0CF8-41B0-A8FF-1386283E2BE7}.Release.ActiveCfg = Release|Win32
		{A45F932B-0CF8-41B0-A8FF-1386283E2BE7}.Release.Build.0 = Release|Win32
		{A45F932B-0CF8-41B0-A8FF-1386283E2BE7}.Tools Debug.ActiveCfg = Tools Debug|Win32
		{A45F932B-0CF8-41B0-A8FF-1386283E2BE7}.Tools Debug.Build.0 = Tools Debug|Win32
		{A45F932B-0CF8-41B0-A8FF-1386283E2BE7}.Tools Release.ActiveCfg = Tools Release|Win32
		{A45F932B-0CF8-41B0-A8FF-1386283E2BE7}.Tools Release.Build.0 = Tools Release|Win32
		{A45F932B-0CF8-41B0-A8FF-1386283E2BE7}.Tune.ActiveCfg = Tune|Win32
		{A45F932B-0CF8-41B0-A8FF-1386283E2BE7}.Tune.Build.0 = Tune|Win32
		{01B694CE-5AFC-4832-B18E-73AE3E811C74}.Debug.ActiveCfg = Debug|Win32
		{01B694CE-5AFC-4832-B18E-73AE3E811C74}.Debug.Build.0 = Debug|Win32
		{01B694CE-5AFC-4832-B18E-73AE3E811C74}.Release.ActiveCfg = Release|Win32
		{01B694CE-5AFC-4832-B18E-73AE3E811C74}.Release.Build.0 = Release|Win32
		{01B694CE-5AFC-4832-B18E-73AE3E811C74}.Tools Debug.ActiveCfg = Tools Debug|Win32
		{01B694CE-5AFC-4832-B18E-73AE3E811C74}.Tools Debug.Build.0 = Tools Debug|Win32
		{01B694CE-5AFC-4832-B18E-73AE3E811C74}.Tools Release.ActiveCfg = Tools Release|Win32
		{01B694CE-5AFC-4832-B18E-73AE3E811C74}.Tools Release.Build.0 = Tools Release|Win32
		{01B694CE-5AFC-4832-B18E-73AE3E811C74}.Tune.ActiveCfg = Tune|Win32
		{01B694CE-5AFC-4832-B18E-73AE3E811C74}.Tune.Build.0 = Tune|Win32
		{EF05D776-F91E-422F-BD64-16B3F5557888}.Debug.ActiveCfg = Debug|Win32
		{EF05D776-F91E-422F-BD64-16B3F5557888}.Debug.Build.0 = Debug|Win32
		{EF05D776-F91E-422F-BD64-16B3F5557888}.Release.ActiveCfg = Release|Win32
		{EF05D776-F91E-422F-BD64-16B3F5557888}.Release.Build.0 = Release|Win32
		{EF05D776-F91E-422F-BD64-16B3F5557888}.Tools Debug.ActiveCfg = Debug|Win32
		{EF05D776-F91E-422F-BD64-16B3F5557888}.Tools Debug.Build.0 = Debug|Win32
		{EF05D776-F91E-422F-BD64-16B3F5557888}.Tools Release.ActiveCfg = Release|Win32
		{EF05D776-F91E-422F-BD64-16B3F5557888}.Tune.ActiveCfg = Debug|Win32
		{EF05D776-F91E-422F-BD64-16B3F5557888}.Tune.Build.0 = Debug|Win32
		{37223926-26AB-4BCE-BBEB-191699C3BEF1}.Debug.ActiveCfg = Debug|Win32
		{37223926-26AB-4BCE-BBEB-191699C3BEF1}.Debug.Build.0 = Debug|Win32
		{37223926-26AB-4BCE-BBEB-191699C3BEF1}.Release.ActiveCfg = Release|Win32
		{37223926-26AB-4BCE-BBEB-191699C3BEF1}.Release.Build.0 = Release|Win32
		{37223926-26AB-4BCE-BBEB-191699C3BEF1}.Tools Debug.ActiveCfg = Debug|Win32
		{37223926-26AB-4BCE-BBEB-191699C3BEF1}.Tools Debug.Build.0 = Debug|Win32
		{37223926-26AB-4BCE-BBEB-191699C3BEF1}.Tools Release.ActiveCfg = Release|Win32
		{37223926-26AB-4BCE-BBEB-191699C3BEF1}.Tools Release.Build.0 = Release|Win32
		{37223926-26AB-4BCE-BBEB-191699C3BEF1}.Tune.ActiveCfg = Release|Win32
		{37223926-26AB-4BCE-BBEB-191699C3BEF1}.Tune.Build.0 = Release|Win32
		{8CC3C650-909A-42E8-9039-04697C27C565}.Debug.ActiveCfg = Debug|Win32
		{8CC3C650-909A-42E8-9039-04697C27C565}.Debug.Build.0 = Debug|Win32
		{8CC3C650-909A-42E8-9039-04697C27C565}.Release.ActiveCfg = Release|Win32
		{8CC3C650-909A-42E8-9039-04697C27C565}.Release.Build.0 = Release|Win32
		{8CC3C650-909A-42E8-9039-04697C27C565}.Tools Debug.ActiveCfg = Tools Debug|Win32
		{8CC3C650-909A-42E8-9039-04697C27C565}.Tools Debug.Build.0 = Tools Debug|Win32
		{8CC3C650-909A-42E8-9039-04697C27C565}.Tools Release.ActiveCfg = Tools Release|Win32
		{8CC3C650-909A-42E8-9039-04697C27C565}.Tools Release.Build.0 = Tools Release|Win32
		{8CC3C650-909A-42E8-9039-04697C27C565}.Tune.ActiveCfg = Tools Release|Win32
		{8CC3C650-909A-42E8-9039-04697C27C565}.Tune.Build.0 = Tools Release|Win32
		{CDB92E4A-1E5D-49A8-8153-34264B3FEF29}.Debug.ActiveCfg = Debug|Win32
		{CDB92E4A-1E5D-49A8-8153-34264B3FEF29}.Debug.Build.0 = Debug|Win32
		{CDB92E4A-1E5D-49A8-8153-34264B3FEF29}.Release.ActiveCfg = Release|Win32
		{CDB92E4A-1E5D-49A8-8153-34264B3FEF29}.Release.Build.0 = Release|Win32
		{CDB92E4A-1E5D-49A8-8153-34264B3FEF29}.Tools Debug.ActiveCfg = Tools Debug|Win32
		{CDB92E4A-1E5D-49A8-8153-34264B3FEF29}.Tools Debug.Build.0 = Tools Debug|Win32
		{CDB92E4A-1E5D-49A8-8153-34264B3FEF29}.Tools Release.ActiveCfg = Tools Release|Win32
		{CDB92E4A-1E5D-49A8-8153-34264B3FEF29}.Tools Release.Build.0 = Tools Release|Win32
		{CDB92E4A-1E5D-49A8-8153-34264B3FEF29}.Tune.ActiveCfg = Tune|Win32
		{CDB92E4A-1E5D-49A8-8153-34264B3FEF29}.Tune.Build.0 = Tune|Win32
		{8D79E782-9747-4732-A869-CA630AC7D3C0}.Debug.ActiveCfg = Tools Debug|Win32
		{8D79E782-9747-4732-A869-CA630AC7D3C0}.Debug.Build.0 = Tools Debug|Win32
		{8D79E782-9747-4732-A869-CA630AC7D3C0}.Release.ActiveCfg = Tools Release|Win32
		{8D79E782-9747-4732-A869-CA630AC7D3C0}.Release.Build.0 = Tools Release|Win32
		{8D79E782-9747-4732-A869-CA630AC7D3C0}.Tools Debug.ActiveCfg = Tools Debug|Win32
		{8D79E782-9747-4732-A869-CA630AC7D3C0}.Tools Debug.Build.0 = Tools Debug|Win32
		{8D79E782-9747-4732-A869-CA630AC7D3C0}.Tools Release.ActiveCfg = Tools Release|Win32
		{8D79E782-9747-4732-A869-CA630AC7D3C0}.Tools Release.Build.0 = Tools Release|Win32
		{8D79E782-9747-4732-A869-CA630AC7D3C0}.Tune.ActiveCfg = Tools Debug|Win32
		{8D79E782-9747-4732-A869-CA630AC7D3C0}.Tune.Build.0 = Tools Debug|Win32
		{B5900135-3859-403D-BC2F-FD90B4C2B2E5}.Debug.ActiveCfg = Tools Debug|Win32
		{B5900135-3859-403D-BC2F-FD90B4C2B2E5}.Debug.Build.0 = Tools Debug|Win32
		{B5900135-3859-403D-BC2F-FD90B4C2B2E5}.Release.ActiveCfg = Tools Release|Win32
		{B5900135-3859-403D-BC2F-FD90B4C2B2E5}.Release.Build.0 = Tools Release|Win32
		{B5900135-3859-403D-BC2F-FD90B4C2B2E5}.Tools Debug.ActiveCfg = Tools Debug|Win32
		{B5900135-3859-403D-BC2F-FD90B4C2B2E5}.Tools Debug.Build.0 = Tools Debug|Win32
		{B5900135-3859-403D-BC2F-FD90B4C2B2E5}.Tools Release.ActiveCfg = Tools Release|Win32
		{B5900135-3859-403D-BC2F-FD90B4C2B2E5}.Tools Release.Build.0 = Tools Release|Win32
		{B5900135-3859-403D-BC2F-FD90B4C2B2E5}.Tune.ActiveCfg = Tools Debug|Win32
		{B5900135-3859-403D-BC2F-FD90B4C2B2E5}.Tune.Build.0 = Tools Debug|Win32
		{38D5EE66-A56C-4673-9A53-4C92D2CA4DD1}.Debug.ActiveCfg = Debug|Win32
		{38D5EE66-A56C-4673-9A53-4C92D2CA4DD1}.Debug.Build.0 = Debug|Win32
		{38D5EE66-A56C-4673-9A53-4C92D2CA4DD1}.Release.ActiveCfg = Release|Win32
		{38D5EE66-A56C-4673-9A53-4C92D2CA4DD1}.Release.Build.0 = Release|Win32
		{38D5EE66-A56C-4673-9A53-4C92D2CA4DD1}.Tools Debug.ActiveCfg = Tools Debug|Win32
		{38D5EE66-A56C-4673-9A53-4C92D2CA4DD1}.Tools Debug.Build.0 = Tools Debug|Win32
		{38D5EE66-A56C-4673-9A53-4C92D2CA4DD1}.Tools Release.ActiveCfg = Tools Release|Win32
		{38D5EE66-A56C-4673-9A53-4C92D2CA4DD1}.Tools Release.Build.0 = Tools Release|Win32
		{38D5EE66-A56C-4673-9A53-4C92D2CA4DD1}.Tune.ActiveCfg = Tune|Win32
		{38D5EE66-A56C-4673-9A53-4C92D2CA4DD1}.Tune.Build.0 = Tune|Win32
		{967364EA-F3C7-455E-BBA4-F8B031FB780C}.Debug.ActiveCfg = Debug|Win32
		{967364EA-F3C7-455E-BBA4-F8B031FB780C}.Debug.Build.0 = Debug|Win32
		{967364EA-F3C7-455E-BBA4-F8B031FB780C}.Release.ActiveCfg = Release|Win32
		{967364EA-F3C7-455E-BBA4-F8B031FB780C}.Release.Build.0 = Release|Win32
		{967364EA-F3C7-455E-BBA4-F8B031FB780C}.Tools Debug.ActiveCfg = Debug|Win32
		{967364EA-F3C7-455E-BBA4-F8B031FB780C}.Tools Debug.Build.0 = Debug|Win32
		{967364EA-F3C7-455E-BBA4-F8B031FB780C}.Tools Release.ActiveCfg = Release|Win32
		{967364EA-F3C7-455E-BBA4-F8B031FB780C}.Tools Release.Build.0 = Release|Win32
		{967364EA-F3C7-455E-BBA4-F8B031FB780C}.Tune.ActiveCfg = Release|Win32
		{967364EA-F3C7-455E-BBA4-F8B031FB780C}.Tune.Build.0 = Release|Win32
	EndGlobalSection
	GlobalSection(ExtensibilityGlobals) = postSolution
	EndGlobalSection
	GlobalSection(ExtensibilityAddIns) = postSolution
	EndGlobalSection
EndGlobal
